// !$*UTF8*$!
{
	archiveVersion = 1;
	classes = {
	};
	objectVersion = 46;
	objects = {

/* Begin PBXBuildFile section */
		5B091A3F180B4EBD00E5F051 /* EBMainViewController.m in Sources */ = {isa = PBXBuildFile; fileRef = 5B091A3E180B4EBD00E5F051 /* EBMainViewController.m */; };
		5B091A44180B535500E5F051 /* EBMovesService.m in Sources */ = {isa = PBXBuildFile; fileRef = 5B091A43180B535500E5F051 /* EBMovesService.m */; };
		5B85EE281821BCC00028BB75 /* NSDictionary+EB.m in Sources */ = {isa = PBXBuildFile; fileRef = 5B85EE271821BCC00028BB75 /* NSDictionary+EB.m */; };
		5BF87043180B4AE9007D5994 /* Foundation.framework in Frameworks */ = {isa = PBXBuildFile; fileRef = 5BF87042180B4AE9007D5994 /* Foundation.framework */; };
		5BF87045180B4AE9007D5994 /* CoreGraphics.framework in Frameworks */ = {isa = PBXBuildFile; fileRef = 5BF87044180B4AE9007D5994 /* CoreGraphics.framework */; };
		5BF87047180B4AE9007D5994 /* UIKit.framework in Frameworks */ = {isa = PBXBuildFile; fileRef = 5BF87046180B4AE9007D5994 /* UIKit.framework */; };
		5BF87049180B4AE9007D5994 /* CoreData.framework in Frameworks */ = {isa = PBXBuildFile; fileRef = 5BF87048180B4AE9007D5994 /* CoreData.framework */; };
		5BF8704F180B4AE9007D5994 /* InfoPlist.strings in Resources */ = {isa = PBXBuildFile; fileRef = 5BF8704D180B4AE9007D5994 /* InfoPlist.strings */; };
		5BF87051180B4AE9007D5994 /* main.m in Sources */ = {isa = PBXBuildFile; fileRef = 5BF87050180B4AE9007D5994 /* main.m */; };
		5BF87055180B4AE9007D5994 /* EBAppDelegate.m in Sources */ = {isa = PBXBuildFile; fileRef = 5BF87054180B4AE9007D5994 /* EBAppDelegate.m */; };
		5BF87058180B4AE9007D5994 /* Moves.xcdatamodeld in Sources */ = {isa = PBXBuildFile; fileRef = 5BF87056180B4AE9007D5994 /* Moves.xcdatamodeld */; };
		5BF8705A180B4AE9007D5994 /* Images.xcassets in Resources */ = {isa = PBXBuildFile; fileRef = 5BF87059180B4AE9007D5994 /* Images.xcassets */; };
		5BF87061180B4AE9007D5994 /* XCTest.framework in Frameworks */ = {isa = PBXBuildFile; fileRef = 5BF87060180B4AE9007D5994 /* XCTest.framework */; };
		5BF87062180B4AE9007D5994 /* Foundation.framework in Frameworks */ = {isa = PBXBuildFile; fileRef = 5BF87042180B4AE9007D5994 /* Foundation.framework */; };
		5BF87063180B4AE9007D5994 /* UIKit.framework in Frameworks */ = {isa = PBXBuildFile; fileRef = 5BF87046180B4AE9007D5994 /* UIKit.framework */; };
		5BF87064180B4AE9007D5994 /* CoreData.framework in Frameworks */ = {isa = PBXBuildFile; fileRef = 5BF87048180B4AE9007D5994 /* CoreData.framework */; };
		5BF8706C180B4AE9007D5994 /* InfoPlist.strings in Resources */ = {isa = PBXBuildFile; fileRef = 5BF8706A180B4AE9007D5994 /* InfoPlist.strings */; };
		5BF8706E180B4AE9007D5994 /* MovesTests.m in Sources */ = {isa = PBXBuildFile; fileRef = 5BF8706D180B4AE9007D5994 /* MovesTests.m */; };
		5BFCF3E01825A2AC00CD51A8 /* NSDateFormatter+EB.m in Sources */ = {isa = PBXBuildFile; fileRef = 5BFCF3DF1825A2AC00CD51A8 /* NSDateFormatter+EB.m */; };
		5BFCF3E81825A53300CD51A8 /* EBDescribedObject.m in Sources */ = {isa = PBXBuildFile; fileRef = 5BFCF3E71825A53300CD51A8 /* EBDescribedObject.m */; };
		5BFCF3EB1825A59D00CD51A8 /* EBRuntimeUtils.m in Sources */ = {isa = PBXBuildFile; fileRef = 5BFCF3EA1825A59D00CD51A8 /* EBRuntimeUtils.m */; };
		5BFCF3F11825ADD100CD51A8 /* VOSegment.m in Sources */ = {isa = PBXBuildFile; fileRef = 5BFCF3F01825ADD000CD51A8 /* VOSegment.m */; };
		5BFCF4151825B26F00CD51A8 /* VOStoryline.m in Sources */ = {isa = PBXBuildFile; fileRef = 5BFCF4141825B26F00CD51A8 /* VOStoryline.m */; };
		5BFCF4181825B26F00CD51A8 /* VOPlace.m in Sources */ = {isa = PBXBuildFile; fileRef = 5BFCF4171825B26F00CD51A8 /* VOPlace.m */; };
		5BFCF41E1825B27000CD51A8 /* VOLocation.m in Sources */ = {isa = PBXBuildFile; fileRef = 5BFCF41D1825B27000CD51A8 /* VOLocation.m */; };
		5BFCF4211825B27000CD51A8 /* VOUserProfile.m in Sources */ = {isa = PBXBuildFile; fileRef = 5BFCF4201825B27000CD51A8 /* VOUserProfile.m */; };
		5BFCF4241825B27000CD51A8 /* VOActivity.m in Sources */ = {isa = PBXBuildFile; fileRef = 5BFCF4231825B27000CD51A8 /* VOActivity.m */; };
		5BFCF4281825BA8900CD51A8 /* NSDate-Utilities.m in Sources */ = {isa = PBXBuildFile; fileRef = 5BFCF4271825BA8900CD51A8 /* NSDate-Utilities.m */; };
		5BFCF42B1825BCDD00CD51A8 /* VOValueObject.m in Sources */ = {isa = PBXBuildFile; fileRef = 5BFCF42A1825BCDD00CD51A8 /* VOValueObject.m */; };
		FBB4B974CE94444E84C163EF /* libPods.a in Frameworks */ = {isa = PBXBuildFile; fileRef = 95A48F8B24674CA1A76A2D6D /* libPods.a */; };
/* End PBXBuildFile section */

/* Begin PBXContainerItemProxy section */
		5BF87065180B4AE9007D5994 /* PBXContainerItemProxy */ = {
			isa = PBXContainerItemProxy;
			containerPortal = 5BF87037180B4AE9007D5994 /* Project object */;
			proxyType = 1;
			remoteGlobalIDString = 5BF8703E180B4AE9007D5994;
			remoteInfo = Moves;
		};
/* End PBXContainerItemProxy section */

/* Begin PBXFileReference section */
		5B091A3D180B4EBD00E5F051 /* EBMainViewController.h */ = {isa = PBXFileReference; fileEncoding = 4; lastKnownFileType = sourcecode.c.h; path = EBMainViewController.h; sourceTree = "<group>"; };
		5B091A3E180B4EBD00E5F051 /* EBMainViewController.m */ = {isa = PBXFileReference; fileEncoding = 4; lastKnownFileType = sourcecode.c.objc; path = EBMainViewController.m; sourceTree = "<group>"; };
		5B091A42180B535500E5F051 /* EBMovesService.h */ = {isa = PBXFileReference; fileEncoding = 4; lastKnownFileType = sourcecode.c.h; path = EBMovesService.h; sourceTree = "<group>"; };
		5B091A43180B535500E5F051 /* EBMovesService.m */ = {isa = PBXFileReference; fileEncoding = 4; lastKnownFileType = sourcecode.c.objc; path = EBMovesService.m; sourceTree = "<group>"; };
		5B245FE0181479C90052804B /* EBMovesConfiguration.h */ = {isa = PBXFileReference; lastKnownFileType = sourcecode.c.h; path = EBMovesConfiguration.h; sourceTree = "<group>"; };
		5B85EE261821BCC00028BB75 /* NSDictionary+EB.h */ = {isa = PBXFileReference; fileEncoding = 4; lastKnownFileType = sourcecode.c.h; path = "NSDictionary+EB.h"; sourceTree = "<group>"; };
		5B85EE271821BCC00028BB75 /* NSDictionary+EB.m */ = {isa = PBXFileReference; fileEncoding = 4; lastKnownFileType = sourcecode.c.objc; path = "NSDictionary+EB.m"; sourceTree = "<group>"; };
		5BF8703F180B4AE9007D5994 /* Moves.app */ = {isa = PBXFileReference; explicitFileType = wrapper.application; includeInIndex = 0; path = Moves.app; sourceTree = BUILT_PRODUCTS_DIR; };
		5BF87042180B4AE9007D5994 /* Foundation.framework */ = {isa = PBXFileReference; lastKnownFileType = wrapper.framework; name = Foundation.framework; path = System/Library/Frameworks/Foundation.framework; sourceTree = SDKROOT; };
		5BF87044180B4AE9007D5994 /* CoreGraphics.framework */ = {isa = PBXFileReference; lastKnownFileType = wrapper.framework; name = CoreGraphics.framework; path = System/Library/Frameworks/CoreGraphics.framework; sourceTree = SDKROOT; };
		5BF87046180B4AE9007D5994 /* UIKit.framework */ = {isa = PBXFileReference; lastKnownFileType = wrapper.framework; name = UIKit.framework; path = System/Library/Frameworks/UIKit.framework; sourceTree = SDKROOT; };
		5BF87048180B4AE9007D5994 /* CoreData.framework */ = {isa = PBXFileReference; lastKnownFileType = wrapper.framework; name = CoreData.framework; path = System/Library/Frameworks/CoreData.framework; sourceTree = SDKROOT; };
		5BF8704C180B4AE9007D5994 /* Moves-Info.plist */ = {isa = PBXFileReference; lastKnownFileType = text.plist.xml; path = "Moves-Info.plist"; sourceTree = "<group>"; };
		5BF8704E180B4AE9007D5994 /* en */ = {isa = PBXFileReference; lastKnownFileType = text.plist.strings; name = en; path = en.lproj/InfoPlist.strings; sourceTree = "<group>"; };
		5BF87050180B4AE9007D5994 /* main.m */ = {isa = PBXFileReference; lastKnownFileType = sourcecode.c.objc; path = main.m; sourceTree = "<group>"; };
		5BF87052180B4AE9007D5994 /* Moves-Prefix.pch */ = {isa = PBXFileReference; lastKnownFileType = sourcecode.c.h; path = "Moves-Prefix.pch"; sourceTree = "<group>"; };
		5BF87053180B4AE9007D5994 /* EBAppDelegate.h */ = {isa = PBXFileReference; lastKnownFileType = sourcecode.c.h; path = EBAppDelegate.h; sourceTree = "<group>"; };
		5BF87054180B4AE9007D5994 /* EBAppDelegate.m */ = {isa = PBXFileReference; lastKnownFileType = sourcecode.c.objc; path = EBAppDelegate.m; sourceTree = "<group>"; };
		5BF87057180B4AE9007D5994 /* Moves.xcdatamodel */ = {isa = PBXFileReference; lastKnownFileType = wrapper.xcdatamodel; path = Moves.xcdatamodel; sourceTree = "<group>"; };
		5BF87059180B4AE9007D5994 /* Images.xcassets */ = {isa = PBXFileReference; lastKnownFileType = folder.assetcatalog; path = Images.xcassets; sourceTree = "<group>"; };
		5BF8705F180B4AE9007D5994 /* MovesTests.xctest */ = {isa = PBXFileReference; explicitFileType = wrapper.cfbundle; includeInIndex = 0; path = MovesTests.xctest; sourceTree = BUILT_PRODUCTS_DIR; };
		5BF87060180B4AE9007D5994 /* XCTest.framework */ = {isa = PBXFileReference; lastKnownFileType = wrapper.framework; name = XCTest.framework; path = Library/Frameworks/XCTest.framework; sourceTree = DEVELOPER_DIR; };
		5BF87069180B4AE9007D5994 /* MovesTests-Info.plist */ = {isa = PBXFileReference; lastKnownFileType = text.plist.xml; path = "MovesTests-Info.plist"; sourceTree = "<group>"; };
		5BF8706B180B4AE9007D5994 /* en */ = {isa = PBXFileReference; lastKnownFileType = text.plist.strings; name = en; path = en.lproj/InfoPlist.strings; sourceTree = "<group>"; };
		5BF8706D180B4AE9007D5994 /* MovesTests.m */ = {isa = PBXFileReference; lastKnownFileType = sourcecode.c.objc; path = MovesTests.m; sourceTree = "<group>"; };
		5BFCF3DE1825A2AC00CD51A8 /* NSDateFormatter+EB.h */ = {isa = PBXFileReference; fileEncoding = 4; lastKnownFileType = sourcecode.c.h; path = "NSDateFormatter+EB.h"; sourceTree = "<group>"; };
		5BFCF3DF1825A2AC00CD51A8 /* NSDateFormatter+EB.m */ = {isa = PBXFileReference; fileEncoding = 4; lastKnownFileType = sourcecode.c.objc; path = "NSDateFormatter+EB.m"; sourceTree = "<group>"; };
		5BFCF3E61825A53300CD51A8 /* EBDescribedObject.h */ = {isa = PBXFileReference; fileEncoding = 4; lastKnownFileType = sourcecode.c.h; path = EBDescribedObject.h; sourceTree = "<group>"; };
		5BFCF3E71825A53300CD51A8 /* EBDescribedObject.m */ = {isa = PBXFileReference; fileEncoding = 4; lastKnownFileType = sourcecode.c.objc; path = EBDescribedObject.m; sourceTree = "<group>"; };
		5BFCF3E91825A59D00CD51A8 /* EBRuntimeUtils.h */ = {isa = PBXFileReference; fileEncoding = 4; lastKnownFileType = sourcecode.c.h; path = EBRuntimeUtils.h; sourceTree = "<group>"; };
		5BFCF3EA1825A59D00CD51A8 /* EBRuntimeUtils.m */ = {isa = PBXFileReference; fileEncoding = 4; lastKnownFileType = sourcecode.c.objc; path = EBRuntimeUtils.m; sourceTree = "<group>"; };
		5BFCF3F01825ADD000CD51A8 /* VOSegment.m */ = {isa = PBXFileReference; fileEncoding = 4; lastKnownFileType = sourcecode.c.objc; path = VOSegment.m; sourceTree = "<group>"; };
		5BFCF4131825B26F00CD51A8 /* VOStoryline.h */ = {isa = PBXFileReference; fileEncoding = 4; lastKnownFileType = sourcecode.c.h; path = VOStoryline.h; sourceTree = "<group>"; };
		5BFCF4141825B26F00CD51A8 /* VOStoryline.m */ = {isa = PBXFileReference; fileEncoding = 4; lastKnownFileType = sourcecode.c.objc; path = VOStoryline.m; sourceTree = "<group>"; };
		5BFCF4161825B26F00CD51A8 /* VOPlace.h */ = {isa = PBXFileReference; fileEncoding = 4; lastKnownFileType = sourcecode.c.h; path = VOPlace.h; sourceTree = "<group>"; };
		5BFCF4171825B26F00CD51A8 /* VOPlace.m */ = {isa = PBXFileReference; fileEncoding = 4; lastKnownFileType = sourcecode.c.objc; path = VOPlace.m; sourceTree = "<group>"; };
		5BFCF4191825B26F00CD51A8 /* VOSegment.h */ = {isa = PBXFileReference; fileEncoding = 4; lastKnownFileType = sourcecode.c.h; path = VOSegment.h; sourceTree = "<group>"; };
		5BFCF41A1825B27000CD51A8 /* VOSegment.m */ = {isa = PBXFileReference; fileEncoding = 4; lastKnownFileType = sourcecode.c.objc; path = VOSegment.m; sourceTree = "<group>"; };
		5BFCF41C1825B27000CD51A8 /* VOLocation.h */ = {isa = PBXFileReference; fileEncoding = 4; lastKnownFileType = sourcecode.c.h; path = VOLocation.h; sourceTree = "<group>"; };
		5BFCF41D1825B27000CD51A8 /* VOLocation.m */ = {isa = PBXFileReference; fileEncoding = 4; lastKnownFileType = sourcecode.c.objc; path = VOLocation.m; sourceTree = "<group>"; };
		5BFCF41F1825B27000CD51A8 /* VOUserProfile.h */ = {isa = PBXFileReference; fileEncoding = 4; lastKnownFileType = sourcecode.c.h; path = VOUserProfile.h; sourceTree = "<group>"; };
		5BFCF4201825B27000CD51A8 /* VOUserProfile.m */ = {isa = PBXFileReference; fileEncoding = 4; lastKnownFileType = sourcecode.c.objc; path = VOUserProfile.m; sourceTree = "<group>"; };
		5BFCF4221825B27000CD51A8 /* VOActivity.h */ = {isa = PBXFileReference; fileEncoding = 4; lastKnownFileType = sourcecode.c.h; path = VOActivity.h; sourceTree = "<group>"; };
		5BFCF4231825B27000CD51A8 /* VOActivity.m */ = {isa = PBXFileReference; fileEncoding = 4; lastKnownFileType = sourcecode.c.objc; path = VOActivity.m; sourceTree = "<group>"; };
		5BFCF4261825BA8900CD51A8 /* NSDate-Utilities.h */ = {isa = PBXFileReference; fileEncoding = 4; lastKnownFileType = sourcecode.c.h; path = "NSDate-Utilities.h"; sourceTree = "<group>"; };
		5BFCF4271825BA8900CD51A8 /* NSDate-Utilities.m */ = {isa = PBXFileReference; fileEncoding = 4; lastKnownFileType = sourcecode.c.objc; path = "NSDate-Utilities.m"; sourceTree = "<group>"; };
		5BFCF4291825BCDD00CD51A8 /* VOValueObject.h */ = {isa = PBXFileReference; fileEncoding = 4; lastKnownFileType = sourcecode.c.h; path = VOValueObject.h; sourceTree = "<group>"; };
		5BFCF42A1825BCDD00CD51A8 /* VOValueObject.m */ = {isa = PBXFileReference; fileEncoding = 4; lastKnownFileType = sourcecode.c.objc; path = VOValueObject.m; sourceTree = "<group>"; };
		95A48F8B24674CA1A76A2D6D /* libPods.a */ = {isa = PBXFileReference; explicitFileType = archive.ar; includeInIndex = 0; path = libPods.a; sourceTree = BUILT_PRODUCTS_DIR; };
		DD8F4085A8D342F7AECDD1BF /* Pods.xcconfig */ = {isa = PBXFileReference; includeInIndex = 1; lastKnownFileType = text.xcconfig; name = Pods.xcconfig; path = Pods/Pods.xcconfig; sourceTree = "<group>"; };
/* End PBXFileReference section */

/* Begin PBXFrameworksBuildPhase section */
		5BF8703C180B4AE9007D5994 /* Frameworks */ = {
			isa = PBXFrameworksBuildPhase;
			buildActionMask = 2147483647;
			files = (
				5BF87045180B4AE9007D5994 /* CoreGraphics.framework in Frameworks */,
				5BF87049180B4AE9007D5994 /* CoreData.framework in Frameworks */,
				5BF87047180B4AE9007D5994 /* UIKit.framework in Frameworks */,
				5BF87043180B4AE9007D5994 /* Foundation.framework in Frameworks */,
				FBB4B974CE94444E84C163EF /* libPods.a in Frameworks */,
			);
			runOnlyForDeploymentPostprocessing = 0;
		};
		5BF8705C180B4AE9007D5994 /* Frameworks */ = {
			isa = PBXFrameworksBuildPhase;
			buildActionMask = 2147483647;
			files = (
				5BF87061180B4AE9007D5994 /* XCTest.framework in Frameworks */,
				5BF87064180B4AE9007D5994 /* CoreData.framework in Frameworks */,
				5BF87063180B4AE9007D5994 /* UIKit.framework in Frameworks */,
				5BF87062180B4AE9007D5994 /* Foundation.framework in Frameworks */,
			);
			runOnlyForDeploymentPostprocessing = 0;
		};
/* End PBXFrameworksBuildPhase section */

/* Begin PBXGroup section */
		5B091A3B180B4E5E00E5F051 /* Service */ = {
			isa = PBXGroup;
			children = (
				5B091A42180B535500E5F051 /* EBMovesService.h */,
				5B091A43180B535500E5F051 /* EBMovesService.m */,
			);
			name = Service;
			sourceTree = "<group>";
		};
		5B091A3C180B4EA900E5F051 /* View Controllers */ = {
			isa = PBXGroup;
			children = (
				5B091A3D180B4EBD00E5F051 /* EBMainViewController.h */,
				5B091A3E180B4EBD00E5F051 /* EBMainViewController.m */,
			);
			name = "View Controllers";
			sourceTree = "<group>";
		};
		5B85EE251821BC980028BB75 /* Categories */ = {
			isa = PBXGroup;
			children = (
				5BFCF4261825BA8900CD51A8 /* NSDate-Utilities.h */,
				5BFCF4271825BA8900CD51A8 /* NSDate-Utilities.m */,
				5B85EE261821BCC00028BB75 /* NSDictionary+EB.h */,
				5B85EE271821BCC00028BB75 /* NSDictionary+EB.m */,
				5BFCF3DE1825A2AC00CD51A8 /* NSDateFormatter+EB.h */,
				5BFCF3DF1825A2AC00CD51A8 /* NSDateFormatter+EB.m */,
			);
			name = Categories;
			path = Moves;
			sourceTree = "<group>";
		};
		5BF87036180B4AE9007D5994 = {
			isa = PBXGroup;
			children = (
				5BFCF3E51825A53300CD51A8 /* Libraries */,
				5B85EE251821BC980028BB75 /* Categories */,
				5BF8704A180B4AE9007D5994 /* Moves */,
				5BF87067180B4AE9007D5994 /* MovesTests */,
				5BF87041180B4AE9007D5994 /* Frameworks */,
				5BF87040180B4AE9007D5994 /* Products */,
				DD8F4085A8D342F7AECDD1BF /* Pods.xcconfig */,
			);
			sourceTree = "<group>";
		};
		5BF87040180B4AE9007D5994 /* Products */ = {
			isa = PBXGroup;
			children = (
				5BF8703F180B4AE9007D5994 /* Moves.app */,
				5BF8705F180B4AE9007D5994 /* MovesTests.xctest */,
			);
			name = Products;
			sourceTree = "<group>";
		};
		5BF87041180B4AE9007D5994 /* Frameworks */ = {
			isa = PBXGroup;
			children = (
				5BF87042180B4AE9007D5994 /* Foundation.framework */,
				5BF87044180B4AE9007D5994 /* CoreGraphics.framework */,
				5BF87046180B4AE9007D5994 /* UIKit.framework */,
				5BF87048180B4AE9007D5994 /* CoreData.framework */,
				5BF87060180B4AE9007D5994 /* XCTest.framework */,
				95A48F8B24674CA1A76A2D6D /* libPods.a */,
			);
			name = Frameworks;
			sourceTree = "<group>";
		};
		5BF8704A180B4AE9007D5994 /* Moves */ = {
			isa = PBXGroup;
			children = (
				5B245FE0181479C90052804B /* EBMovesConfiguration.h */,
				5B091A3C180B4EA900E5F051 /* View Controllers */,
				5BFCF4251825B5EC00CD51A8 /* Model */,
				5B091A3B180B4E5E00E5F051 /* Service */,
				5BF87053180B4AE9007D5994 /* EBAppDelegate.h */,
				5BF87054180B4AE9007D5994 /* EBAppDelegate.m */,
				5BF87059180B4AE9007D5994 /* Images.xcassets */,
				5BF87056180B4AE9007D5994 /* Moves.xcdatamodeld */,
				5BFCF3F01825ADD000CD51A8 /* VOSegment.m */,
				5BF8704B180B4AE9007D5994 /* Supporting Files */,
			);
			path = Moves;
			sourceTree = "<group>";
		};
		5BF8704B180B4AE9007D5994 /* Supporting Files */ = {
			isa = PBXGroup;
			children = (
				5BF8704C180B4AE9007D5994 /* Moves-Info.plist */,
				5BF8704D180B4AE9007D5994 /* InfoPlist.strings */,
				5BF87050180B4AE9007D5994 /* main.m */,
				5BF87052180B4AE9007D5994 /* Moves-Prefix.pch */,
			);
			name = "Supporting Files";
			sourceTree = "<group>";
		};
		5BF87067180B4AE9007D5994 /* MovesTests */ = {
			isa = PBXGroup;
			children = (
				5BF8706D180B4AE9007D5994 /* MovesTests.m */,
				5BF87068180B4AE9007D5994 /* Supporting Files */,
			);
			path = MovesTests;
			sourceTree = "<group>";
		};
		5BF87068180B4AE9007D5994 /* Supporting Files */ = {
			isa = PBXGroup;
			children = (
				5BF87069180B4AE9007D5994 /* MovesTests-Info.plist */,
				5BF8706A180B4AE9007D5994 /* InfoPlist.strings */,
			);
			name = "Supporting Files";
			sourceTree = "<group>";
		};
		5BFCF3E51825A53300CD51A8 /* Libraries */ = {
			isa = PBXGroup;
			children = (
				5BFCF3E91825A59D00CD51A8 /* EBRuntimeUtils.h */,
				5BFCF3EA1825A59D00CD51A8 /* EBRuntimeUtils.m */,
				5BFCF3E61825A53300CD51A8 /* EBDescribedObject.h */,
				5BFCF3E71825A53300CD51A8 /* EBDescribedObject.m */,
			);
			path = Libraries;
			sourceTree = "<group>";
		};
		5BFCF4251825B5EC00CD51A8 /* Model */ = {
			isa = PBXGroup;
			children = (
				5BFCF4291825BCDD00CD51A8 /* VOValueObject.h */,
				5BFCF42A1825BCDD00CD51A8 /* VOValueObject.m */,
				5BFCF4221825B27000CD51A8 /* VOActivity.h */,
				5BFCF4231825B27000CD51A8 /* VOActivity.m */,
				5BFCF41C1825B27000CD51A8 /* VOLocation.h */,
				5BFCF41D1825B27000CD51A8 /* VOLocation.m */,
				5BFCF4161825B26F00CD51A8 /* VOPlace.h */,
				5BFCF4171825B26F00CD51A8 /* VOPlace.m */,
				5BFCF4191825B26F00CD51A8 /* VOSegment.h */,
				5BFCF41A1825B27000CD51A8 /* VOSegment.m */,
				5BFCF4131825B26F00CD51A8 /* VOStoryline.h */,
				5BFCF4141825B26F00CD51A8 /* VOStoryline.m */,
				5BFCF41F1825B27000CD51A8 /* VOUserProfile.h */,
				5BFCF4201825B27000CD51A8 /* VOUserProfile.m */,
			);
			name = Model;
			sourceTree = "<group>";
		};
/* End PBXGroup section */

/* Begin PBXNativeTarget section */
		5BF8703E180B4AE9007D5994 /* Moves */ = {
			isa = PBXNativeTarget;
			buildConfigurationList = 5BF87071180B4AE9007D5994 /* Build configuration list for PBXNativeTarget "Moves" */;
			buildPhases = (
				CDCAC72380D04824992E7399 /* Check Pods Manifest.lock */,
				5BF8703B180B4AE9007D5994 /* Sources */,
				5BF8703C180B4AE9007D5994 /* Frameworks */,
				5BF8703D180B4AE9007D5994 /* Resources */,
				5BD755D9F3F341429715A8B8 /* Copy Pods Resources */,
			);
			buildRules = (
			);
			dependencies = (
			);
			name = Moves;
			productName = Moves;
			productReference = 5BF8703F180B4AE9007D5994 /* Moves.app */;
			productType = "com.apple.product-type.application";
		};
		5BF8705E180B4AE9007D5994 /* MovesTests */ = {
			isa = PBXNativeTarget;
			buildConfigurationList = 5BF87074180B4AE9007D5994 /* Build configuration list for PBXNativeTarget "MovesTests" */;
			buildPhases = (
				5BF8705B180B4AE9007D5994 /* Sources */,
				5BF8705C180B4AE9007D5994 /* Frameworks */,
				5BF8705D180B4AE9007D5994 /* Resources */,
			);
			buildRules = (
			);
			dependencies = (
				5BF87066180B4AE9007D5994 /* PBXTargetDependency */,
			);
			name = MovesTests;
			productName = MovesTests;
			productReference = 5BF8705F180B4AE9007D5994 /* MovesTests.xctest */;
			productType = "com.apple.product-type.bundle.unit-test";
		};
/* End PBXNativeTarget section */

/* Begin PBXProject section */
		5BF87037180B4AE9007D5994 /* Project object */ = {
			isa = PBXProject;
			attributes = {
				CLASSPREFIX = EB;
				LastUpgradeCheck = 0500;
				ORGANIZATIONNAME = Esteban;
				TargetAttributes = {
					5BF8705E180B4AE9007D5994 = {
						TestTargetID = 5BF8703E180B4AE9007D5994;
					};
				};
			};
			buildConfigurationList = 5BF8703A180B4AE9007D5994 /* Build configuration list for PBXProject "Moves" */;
			compatibilityVersion = "Xcode 3.2";
			developmentRegion = English;
			hasScannedForEncodings = 0;
			knownRegions = (
				en,
			);
			mainGroup = 5BF87036180B4AE9007D5994;
			productRefGroup = 5BF87040180B4AE9007D5994 /* Products */;
			projectDirPath = "";
			projectRoot = "";
			targets = (
				5BF8703E180B4AE9007D5994 /* Moves */,
				5BF8705E180B4AE9007D5994 /* MovesTests */,
			);
		};
/* End PBXProject section */

/* Begin PBXResourcesBuildPhase section */
		5BF8703D180B4AE9007D5994 /* Resources */ = {
			isa = PBXResourcesBuildPhase;
			buildActionMask = 2147483647;
			files = (
				5BF8704F180B4AE9007D5994 /* InfoPlist.strings in Resources */,
				5BF8705A180B4AE9007D5994 /* Images.xcassets in Resources */,
			);
			runOnlyForDeploymentPostprocessing = 0;
		};
		5BF8705D180B4AE9007D5994 /* Resources */ = {
			isa = PBXResourcesBuildPhase;
			buildActionMask = 2147483647;
			files = (
				5BF8706C180B4AE9007D5994 /* InfoPlist.strings in Resources */,
			);
			runOnlyForDeploymentPostprocessing = 0;
		};
/* End PBXResourcesBuildPhase section */

/* Begin PBXShellScriptBuildPhase section */
		5BD755D9F3F341429715A8B8 /* Copy Pods Resources */ = {
			isa = PBXShellScriptBuildPhase;
			buildActionMask = 2147483647;
			files = (
			);
			inputPaths = (
			);
			name = "Copy Pods Resources";
			outputPaths = (
			);
			runOnlyForDeploymentPostprocessing = 0;
			shellPath = /bin/sh;
			shellScript = "\"${SRCROOT}/Pods/Pods-resources.sh\"\n";
			showEnvVarsInLog = 0;
		};
		CDCAC72380D04824992E7399 /* Check Pods Manifest.lock */ = {
			isa = PBXShellScriptBuildPhase;
			buildActionMask = 2147483647;
			files = (
			);
			inputPaths = (
			);
			name = "Check Pods Manifest.lock";
			outputPaths = (
			);
			runOnlyForDeploymentPostprocessing = 0;
			shellPath = /bin/sh;
			shellScript = "diff \"${PODS_ROOT}/../Podfile.lock\" \"${PODS_ROOT}/Manifest.lock\" > /dev/null\nif [[ $? != 0 ]] ; then\n    cat << EOM\nerror: The sandbox is not in sync with the Podfile.lock. Run 'pod install' or update your CocoaPods installation.\nEOM\n    exit 1\nfi\n";
			showEnvVarsInLog = 0;
		};
/* End PBXShellScriptBuildPhase section */

/* Begin PBXSourcesBuildPhase section */
		5BF8703B180B4AE9007D5994 /* Sources */ = {
			isa = PBXSourcesBuildPhase;
			buildActionMask = 2147483647;
			files = (
				5B091A3F180B4EBD00E5F051 /* EBMainViewController.m in Sources */,
				5BFCF3E81825A53300CD51A8 /* EBDescribedObject.m in Sources */,
				5B091A44180B535500E5F051 /* EBMovesService.m in Sources */,
				5BFCF3F11825ADD100CD51A8 /* VOSegment.m in Sources */,
				5BFCF41E1825B27000CD51A8 /* VOLocation.m in Sources */,
				5BFCF4281825BA8900CD51A8 /* NSDate-Utilities.m in Sources */,
				5BFCF4151825B26F00CD51A8 /* VOStoryline.m in Sources */,
				5BF87058180B4AE9007D5994 /* Moves.xcdatamodeld in Sources */,
				5BFCF3E01825A2AC00CD51A8 /* NSDateFormatter+EB.m in Sources */,
				5BF87051180B4AE9007D5994 /* main.m in Sources */,
				5BFCF42B1825BCDD00CD51A8 /* VOValueObject.m in Sources */,
				5BFCF4241825B27000CD51A8 /* VOActivity.m in Sources */,
				5B85EE281821BCC00028BB75 /* NSDictionary+EB.m in Sources */,
				5BF87055180B4AE9007D5994 /* EBAppDelegate.m in Sources */,
				5BFCF4181825B26F00CD51A8 /* VOPlace.m in Sources */,
				5BFCF3EB1825A59D00CD51A8 /* EBRuntimeUtils.m in Sources */,
				5BFCF4211825B27000CD51A8 /* VOUserProfile.m in Sources */,
			);
			runOnlyForDeploymentPostprocessing = 0;
		};
		5BF8705B180B4AE9007D5994 /* Sources */ = {
			isa = PBXSourcesBuildPhase;
			buildActionMask = 2147483647;
			files = (
				5BF8706E180B4AE9007D5994 /* MovesTests.m in Sources */,
			);
			runOnlyForDeploymentPostprocessing = 0;
		};
/* End PBXSourcesBuildPhase section */

/* Begin PBXTargetDependency section */
		5BF87066180B4AE9007D5994 /* PBXTargetDependency */ = {
			isa = PBXTargetDependency;
			target = 5BF8703E180B4AE9007D5994 /* Moves */;
			targetProxy = 5BF87065180B4AE9007D5994 /* PBXContainerItemProxy */;
		};
/* End PBXTargetDependency section */

/* Begin PBXVariantGroup section */
		5BF8704D180B4AE9007D5994 /* InfoPlist.strings */ = {
			isa = PBXVariantGroup;
			children = (
				5BF8704E180B4AE9007D5994 /* en */,
			);
			name = InfoPlist.strings;
			sourceTree = "<group>";
		};
		5BF8706A180B4AE9007D5994 /* InfoPlist.strings */ = {
			isa = PBXVariantGroup;
			children = (
				5BF8706B180B4AE9007D5994 /* en */,
			);
			name = InfoPlist.strings;
			sourceTree = "<group>";
		};
/* End PBXVariantGroup section */

/* Begin XCBuildConfiguration section */
		5BF8706F180B4AE9007D5994 /* Debug */ = {
			isa = XCBuildConfiguration;
			buildSettings = {
				ALWAYS_SEARCH_USER_PATHS = NO;
				ARCHS = "$(ARCHS_STANDARD_INCLUDING_64_BIT)";
				CLANG_CXX_LANGUAGE_STANDARD = "gnu++0x";
				CLANG_CXX_LIBRARY = "libc++";
				CLANG_ENABLE_MODULES = YES;
				CLANG_ENABLE_OBJC_ARC = YES;
				CLANG_WARN_BOOL_CONVERSION = YES;
				CLANG_WARN_CONSTANT_CONVERSION = YES;
				CLANG_WARN_DIRECT_OBJC_ISA_USAGE = YES_ERROR;
				CLANG_WARN_EMPTY_BODY = YES;
				CLANG_WARN_ENUM_CONVERSION = YES;
				CLANG_WARN_INT_CONVERSION = YES;
				CLANG_WARN_OBJC_ROOT_CLASS = YES_ERROR;
				CLANG_WARN__DUPLICATE_METHOD_MATCH = YES;
				"CODE_SIGN_IDENTITY[sdk=iphoneos*]" = "iPhone Developer";
				COPY_PHASE_STRIP = NO;
				GCC_C_LANGUAGE_STANDARD = gnu99;
				GCC_DYNAMIC_NO_PIC = NO;
				GCC_OPTIMIZATION_LEVEL = 0;
				GCC_PREPROCESSOR_DEFINITIONS = (
					"DEBUG=1",
					"$(inherited)",
				);
				GCC_SYMBOLS_PRIVATE_EXTERN = NO;
				GCC_WARN_64_TO_32_BIT_CONVERSION = YES;
				GCC_WARN_ABOUT_RETURN_TYPE = YES_ERROR;
				GCC_WARN_UNDECLARED_SELECTOR = YES;
				GCC_WARN_UNINITIALIZED_AUTOS = YES;
				GCC_WARN_UNUSED_FUNCTION = YES;
				GCC_WARN_UNUSED_VARIABLE = YES;
				IPHONEOS_DEPLOYMENT_TARGET = 7.0;
				ONLY_ACTIVE_ARCH = YES;
				SDKROOT = iphoneos;
				TARGETED_DEVICE_FAMILY = 2;
			};
			name = Debug;
		};
		5BF87070180B4AE9007D5994 /* Release */ = {
			isa = XCBuildConfiguration;
			buildSettings = {
				ALWAYS_SEARCH_USER_PATHS = NO;
				ARCHS = "$(ARCHS_STANDARD_INCLUDING_64_BIT)";
				CLANG_CXX_LANGUAGE_STANDARD = "gnu++0x";
				CLANG_CXX_LIBRARY = "libc++";
				CLANG_ENABLE_MODULES = YES;
				CLANG_ENABLE_OBJC_ARC = YES;
				CLANG_WARN_BOOL_CONVERSION = YES;
				CLANG_WARN_CONSTANT_CONVERSION = YES;
				CLANG_WARN_DIRECT_OBJC_ISA_USAGE = YES_ERROR;
				CLANG_WARN_EMPTY_BODY = YES;
				CLANG_WARN_ENUM_CONVERSION = YES;
				CLANG_WARN_INT_CONVERSION = YES;
				CLANG_WARN_OBJC_ROOT_CLASS = YES_ERROR;
				CLANG_WARN__DUPLICATE_METHOD_MATCH = YES;
				"CODE_SIGN_IDENTITY[sdk=iphoneos*]" = "iPhone Developer";
				COPY_PHASE_STRIP = YES;
				ENABLE_NS_ASSERTIONS = NO;
				GCC_C_LANGUAGE_STANDARD = gnu99;
				GCC_WARN_64_TO_32_BIT_CONVERSION = YES;
				GCC_WARN_ABOUT_RETURN_TYPE = YES_ERROR;
				GCC_WARN_UNDECLARED_SELECTOR = YES;
				GCC_WARN_UNINITIALIZED_AUTOS = YES;
				GCC_WARN_UNUSED_FUNCTION = YES;
				GCC_WARN_UNUSED_VARIABLE = YES;
				IPHONEOS_DEPLOYMENT_TARGET = 7.0;
				SDKROOT = iphoneos;
				TARGETED_DEVICE_FAMILY = 2;
				VALIDATE_PRODUCT = YES;
			};
			name = Release;
		};
		5BF87072180B4AE9007D5994 /* Debug */ = {
			isa = XCBuildConfiguration;
			baseConfigurationReference = DD8F4085A8D342F7AECDD1BF /* Pods.xcconfig */;
			buildSettings = {
				ASSETCATALOG_COMPILER_APPICON_NAME = AppIcon;
				ASSETCATALOG_COMPILER_LAUNCHIMAGE_NAME = LaunchImage;
				GCC_PRECOMPILE_PREFIX_HEADER = YES;
				GCC_PREFIX_HEADER = "Moves/Moves-Prefix.pch";
				INFOPLIST_FILE = "Moves/Moves-Info.plist";
				PRODUCT_NAME = "$(TARGET_NAME)";
				WRAPPER_EXTENSION = app;
			};
			name = Debug;
		};
		5BF87073180B4AE9007D5994 /* Release */ = {
			isa = XCBuildConfiguration;
			baseConfigurationReference = DD8F4085A8D342F7AECDD1BF /* Pods.xcconfig */;
			buildSettings = {
				ASSETCATALOG_COMPILER_APPICON_NAME = AppIcon;
				ASSETCATALOG_COMPILER_LAUNCHIMAGE_NAME = LaunchImage;
				GCC_PRECOMPILE_PREFIX_HEADER = YES;
				GCC_PREFIX_HEADER = "Moves/Moves-Prefix.pch";
				INFOPLIST_FILE = "Moves/Moves-Info.plist";
				PRODUCT_NAME = "$(TARGET_NAME)";
				WRAPPER_EXTENSION = app;
			};
			name = Release;
		};
		5BF87075180B4AE9007D5994 /* Debug */ = {
			isa = XCBuildConfiguration;
			buildSettings = {
				ARCHS = "$(ARCHS_STANDARD_INCLUDING_64_BIT)";
				BUNDLE_LOADER = "$(BUILT_PRODUCTS_DIR)/Moves.app/Moves";
				FRAMEWORK_SEARCH_PATHS = (
					"$(SDKROOT)/Developer/Library/Frameworks",
					"$(inherited)",
					"$(DEVELOPER_FRAMEWORKS_DIR)",
				);
				GCC_PRECOMPILE_PREFIX_HEADER = YES;
				GCC_PREFIX_HEADER = "Moves/Moves-Prefix.pch";
				GCC_PREPROCESSOR_DEFINITIONS = (
					"DEBUG=1",
					"$(inherited)",
				);
				INFOPLIST_FILE = "MovesTests/MovesTests-Info.plist";
				PRODUCT_NAME = "$(TARGET_NAME)";
				TEST_HOST = "$(BUNDLE_LOADER)";
				WRAPPER_EXTENSION = xctest;
			};
			name = Debug;
		};
		5BF87076180B4AE9007D5994 /* Release */ = {
			isa = XCBuildConfiguration;
			buildSettings = {
				ARCHS = "$(ARCHS_STANDARD_INCLUDING_64_BIT)";
				BUNDLE_LOADER = "$(BUILT_PRODUCTS_DIR)/Moves.app/Moves";
				FRAMEWORK_SEARCH_PATHS = (
					"$(SDKROOT)/Developer/Library/Frameworks",
					"$(inherited)",
					"$(DEVELOPER_FRAMEWORKS_DIR)",
				);
				GCC_PRECOMPILE_PREFIX_HEADER = YES;
				GCC_PREFIX_HEADER = "Moves/Moves-Prefix.pch";
				INFOPLIST_FILE = "MovesTests/MovesTests-Info.plist";
				PRODUCT_NAME = "$(TARGET_NAME)";
				TEST_HOST = "$(BUNDLE_LOADER)";
				WRAPPER_EXTENSION = xctest;
			};
			name = Release;
		};
/* End XCBuildConfiguration section */

/* Begin XCConfigurationList section */
		5BF8703A180B4AE9007D5994 /* Build configuration list for PBXProject "Moves" */ = {
			isa = XCConfigurationList;
			buildConfigurations = (
				5BF8706F180B4AE9007D5994 /* Debug */,
				5BF87070180B4AE9007D5994 /* Release */,
			);
			defaultConfigurationIsVisible = 0;
			defaultConfigurationName = Release;
		};
		5BF87071180B4AE9007D5994 /* Build configuration list for PBXNativeTarget "Moves" */ = {
			isa = XCConfigurationList;
			buildConfigurations = (
				5BF87072180B4AE9007D5994 /* Debug */,
				5BF87073180B4AE9007D5994 /* Release */,
			);
			defaultConfigurationIsVisible = 0;
			defaultConfigurationName = Release;
		};
		5BF87074180B4AE9007D5994 /* Build configuration list for PBXNativeTarget "MovesTests" */ = {
			isa = XCConfigurationList;
			buildConfigurations = (
				5BF87075180B4AE9007D5994 /* Debug */,
				5BF87076180B4AE9007D5994 /* Release */,
			);
			defaultConfigurationIsVisible = 0;
			defaultConfigurationName = Release;
		};
/* End XCConfigurationList section */

/* Begin XCVersionGroup section */
		5BF87056180B4AE9007D5994 /* Moves.xcdatamodeld */ = {
			isa = XCVersionGroup;
			children = (
				5BF87057180B4AE9007D5994 /* Moves.xcdatamodel */,
			);
			currentVersion = 5BF87057180B4AE9007D5994 /* Moves.xcdatamodel */;
			path = Moves.xcdatamodeld;
			sourceTree = "<group>";
			versionGroupType = wrapper.xcdatamodel;
		};
/* End XCVersionGroup section */
	};
	rootObject = 5BF87037180B4AE9007D5994 /* Project object */;
}
